
Microsoft Visual Studio Solution File, Format Version 12.00
# Visual Studio Version 16
VisualStudioVersion = 16.0.31729.503
MinimumVisualStudioVersion = 10.0.40219.1
Project("{FAE04EC0-301F-11D3-BF4B-00C04F79EFBC}") = "Eccezioni", "Eccezioni\Eccezioni.csproj", "{0E1E04BD-82F5-4E71-95BA-CCDF32284C89}"
EndProject
Global
	GlobalSection(SolutionConfigurationPlatforms) = preSolution
		Debug|Any CPU = Debug|Any CPU
		Release|Any CPU = Release|Any CPU
	EndGlobalSection
	GlobalSection(ProjectConfigurationPlatforms) = postSolution
		{0E1E04BD-82F5-4E71-95BA-CCDF32284C89}.Debug|Any CPU.ActiveCfg = Debug|Any CPU
		{0E1E04BD-82F5-4E71-95BA-CCDF32284C89}.Debug|Any CPU.Build.0 = Debug|Any CPU
		{0E1E04BD-82F5-4E71-95BA-CCDF32284C89}.Release|Any CPU.ActiveCfg = Release|Any CPU
		{0E1E04BD-82F5-4E71-95BA-CCDF32284C89}.Release|Any CPU.Build.0 = Release|Any CPU
	EndGlobalSection
	GlobalSection(SolutionProperties) = preSolution
		HideSolutionNode = FALSE
	EndGlobalSection
	GlobalSection(ExtensibilityGlobals) = postSolution
		SolutionGuid = {075D38EE-09F1-4C61-BECA-B31555E60D02}
	EndGlobalSection
EndGlobal
